// !$*UTF8*$!
{
	archiveVersion = 1;
	classes = {
	};
	objectVersion = 56;
	objects = {

/* Begin PBXBuildFile section */
		F0CAA6EC298F0534001C501E /* AppDelegate.swift in Sources */ = {isa = PBXBuildFile; fileRef = F0CAA6EB298F0534001C501E /* AppDelegate.swift */; };
		F0CAA6EE298F0534001C501E /* SceneDelegate.swift in Sources */ = {isa = PBXBuildFile; fileRef = F0CAA6ED298F0534001C501E /* SceneDelegate.swift */; };
		F0CAA6F0298F0534001C501E /* ViewController.swift in Sources */ = {isa = PBXBuildFile; fileRef = F0CAA6EF298F0534001C501E /* ViewController.swift */; };
		F0CAA6F3298F0534001C501E /* Main.storyboard in Resources */ = {isa = PBXBuildFile; fileRef = F0CAA6F1298F0534001C501E /* Main.storyboard */; };
		F0CAA6F5298F0535001C501E /* Assets.xcassets in Resources */ = {isa = PBXBuildFile; fileRef = F0CAA6F4298F0535001C501E /* Assets.xcassets */; };
		F0CAA6F8298F0535001C501E /* LaunchScreen.storyboard in Resources */ = {isa = PBXBuildFile; fileRef = F0CAA6F6298F0535001C501E /* LaunchScreen.storyboard */; };
		F0CAA700298F082D001C501E /* NewsCell.swift in Sources */ = {isa = PBXBuildFile; fileRef = F0CAA6FF298F082D001C501E /* NewsCell.swift */; };
		F0CAA706298F1160001C501E /* News.swift in Sources */ = {isa = PBXBuildFile; fileRef = F0CAA705298F1160001C501E /* News.swift */; };
		F0CAA708298FCE86001C501E /* Webservice.swift in Sources */ = {isa = PBXBuildFile; fileRef = F0CAA707298FCE86001C501E /* Webservice.swift */; };
		F0CAA70A298FF5F1001C501E /* NewsViewModel.swift in Sources */ = {isa = PBXBuildFile; fileRef = F0CAA709298FF5F1001C501E /* NewsViewModel.swift */; };
/* End PBXBuildFile section */

/* Begin PBXFileReference section */
		F0CAA6E8298F0534001C501E /* newsApp.app */ = {isa = PBXFileReference; explicitFileType = wrapper.application; includeInIndex = 0; path = newsApp.app; sourceTree = BUILT_PRODUCTS_DIR; };
		F0CAA6EB298F0534001C501E /* AppDelegate.swift */ = {isa = PBXFileReference; lastKnownFileType = sourcecode.swift; path = AppDelegate.swift; sourceTree = "<group>"; };
		F0CAA6ED298F0534001C501E /* SceneDelegate.swift */ = {isa = PBXFileReference; lastKnownFileType = sourcecode.swift; path = SceneDelegate.swift; sourceTree = "<group>"; };
		F0CAA6EF298F0534001C501E /* ViewController.swift */ = {isa = PBXFileReference; lastKnownFileType = sourcecode.swift; path = ViewController.swift; sourceTree = "<group>"; };
		F0CAA6F2298F0534001C501E /* Base */ = {isa = PBXFileReference; lastKnownFileType = file.storyboard; name = Base; path = Base.lproj/Main.storyboard; sourceTree = "<group>"; };
		F0CAA6F4298F0535001C501E /* Assets.xcassets */ = {isa = PBXFileReference; lastKnownFileType = folder.assetcatalog; path = Assets.xcassets; sourceTree = "<group>"; };
		F0CAA6F7298F0535001C501E /* Base */ = {isa = PBXFileReference; lastKnownFileType = file.storyboard; name = Base; path = Base.lproj/LaunchScreen.storyboard; sourceTree = "<group>"; };
		F0CAA6F9298F0535001C501E /* Info.plist */ = {isa = PBXFileReference; lastKnownFileType = text.plist.xml; path = Info.plist; sourceTree = "<group>"; };
		F0CAA6FF298F082D001C501E /* NewsCell.swift */ = {isa = PBXFileReference; lastKnownFileType = sourcecode.swift; path = NewsCell.swift; sourceTree = "<group>"; };
		F0CAA705298F1160001C501E /* News.swift */ = {isa = PBXFileReference; lastKnownFileType = sourcecode.swift; path = News.swift; sourceTree = "<group>"; };
		F0CAA707298FCE86001C501E /* Webservice.swift */ = {isa = PBXFileReference; lastKnownFileType = sourcecode.swift; path = Webservice.swift; sourceTree = "<group>"; };
		F0CAA709298FF5F1001C501E /* NewsViewModel.swift */ = {isa = PBXFileReference; lastKnownFileType = sourcecode.swift; path = NewsViewModel.swift; sourceTree = "<group>"; };
/* End PBXFileReference section */

/* Begin PBXFrameworksBuildPhase section */
		F0CAA6E5298F0534001C501E /* Frameworks */ = {
			isa = PBXFrameworksBuildPhase;
			buildActionMask = 2147483647;
			files = (
			);
			runOnlyForDeploymentPostprocessing = 0;
		};
/* End PBXFrameworksBuildPhase section */

/* Begin PBXGroup section */
		F0CAA6DF298F0534001C501E = {
			isa = PBXGroup;
			children = (
				F0CAA6EA298F0534001C501E /* newsApp */,
				F0CAA6E9298F0534001C501E /* Products */,
			);
			sourceTree = "<group>";
		};
		F0CAA6E9298F0534001C501E /* Products */ = {
			isa = PBXGroup;
			children = (
				F0CAA6E8298F0534001C501E /* newsApp.app */,
			);
			name = Products;
			sourceTree = "<group>";
		};
		F0CAA6EA298F0534001C501E /* newsApp */ = {
			isa = PBXGroup;
			children = (
				F0CAA704298F113B001C501E /* Service */,
				F0CAA703298F1131001C501E /* ViewModel */,
				F0CAA702298F1128001C501E /* Model */,
				F0CAA701298F111F001C501E /* View */,
				F0CAA6F1298F0534001C501E /* Main.storyboard */,
				F0CAA6F4298F0535001C501E /* Assets.xcassets */,
				F0CAA6F6298F0535001C501E /* LaunchScreen.storyboard */,
				F0CAA6F9298F0535001C501E /* Info.plist */,
			);
			path = newsApp;
			sourceTree = "<group>";
		};
		F0CAA701298F111F001C501E /* View */ = {
			isa = PBXGroup;
			children = (
				F0CAA6EB298F0534001C501E /* AppDelegate.swift */,
				F0CAA6ED298F0534001C501E /* SceneDelegate.swift */,
				F0CAA6EF298F0534001C501E /* ViewController.swift */,
				F0CAA6FF298F082D001C501E /* NewsCell.swift */,
			);
			path = View;
			sourceTree = "<group>";
		};
		F0CAA702298F1128001C501E /* Model */ = {
			isa = PBXGroup;
			children = (
				F0CAA705298F1160001C501E /* News.swift */,
			);
			path = Model;
			sourceTree = "<group>";
		};
		F0CAA703298F1131001C501E /* ViewModel */ = {
			isa = PBXGroup;
			children = (
				F0CAA709298FF5F1001C501E /* NewsViewModel.swift */,
			);
			path = ViewModel;
			sourceTree = "<group>";
		};
		F0CAA704298F113B001C501E /* Service */ = {
			isa = PBXGroup;
			children = (
				F0CAA707298FCE86001C501E /* Webservice.swift */,
			);
			path = Service;
			sourceTree = "<group>";
		};
/* End PBXGroup section */

/* Begin PBXNativeTarget section */
		F0CAA6E7298F0534001C501E /* newsApp */ = {
			isa = PBXNativeTarget;
			buildConfigurationList = F0CAA6FC298F0535001C501E /* Build configuration list for PBXNativeTarget "newsApp" */;
			buildPhases = (
				F0CAA6E4298F0534001C501E /* Sources */,
				F0CAA6E5298F0534001C501E /* Frameworks */,
				F0CAA6E6298F0534001C501E /* Resources */,
			);
			buildRules = (
			);
			dependencies = (
			);
			name = newsApp;
			productName = newsApp;
			productReference = F0CAA6E8298F0534001C501E /* newsApp.app */;
			productType = "com.apple.product-type.application";
		};
/* End PBXNativeTarget section */

/* Begin PBXProject section */
		F0CAA6E0298F0534001C501E /* Project object */ = {
			isa = PBXProject;
			attributes = {
				BuildIndependentTargetsInParallel = 1;
				LastSwiftUpdateCheck = 1410;
				LastUpgradeCheck = 1410;
				TargetAttributes = {
					F0CAA6E7298F0534001C501E = {
						CreatedOnToolsVersion = 14.1;
					};
				};
			};
			buildConfigurationList = F0CAA6E3298F0534001C501E /* Build configuration list for PBXProject "newsApp" */;
			compatibilityVersion = "Xcode 14.0";
			developmentRegion = en;
			hasScannedForEncodings = 0;
			knownRegions = (
				en,
				Base,
			);
			mainGroup = F0CAA6DF298F0534001C501E;
			productRefGroup = F0CAA6E9298F0534001C501E /* Products */;
			projectDirPath = "";
			projectRoot = "";
			targets = (
				F0CAA6E7298F0534001C501E /* newsApp */,
			);
		};
/* End PBXProject section */

/* Begin PBXResourcesBuildPhase section */
		F0CAA6E6298F0534001C501E /* Resources */ = {
			isa = PBXResourcesBuildPhase;
			buildActionMask = 2147483647;
			files = (
				F0CAA6F8298F0535001C501E /* LaunchScreen.storyboard in Resources */,
				F0CAA6F5298F0535001C501E /* Assets.xcassets in Resources */,
				F0CAA6F3298F0534001C501E /* Main.storyboard in Resources */,
			);
			runOnlyForDeploymentPostprocessing = 0;
		};
/* End PBXResourcesBuildPhase section */

/* Begin PBXSourcesBuildPhase section */
		F0CAA6E4298F0534001C501E /* Sources */ = {
			isa = PBXSourcesBuildPhase;
			buildActionMask = 2147483647;
			files = (
				F0CAA6F0298F0534001C501E /* ViewController.swift in Sources */,
				F0CAA6EC298F0534001C501E /* AppDelegate.swift in Sources */,
				F0CAA708298FCE86001C501E /* Webservice.swift in Sources */,
				F0CAA700298F082D001C501E /* NewsCell.swift in Sources */,
				F0CAA70A298FF5F1001C501E /* NewsViewModel.swift in Sources */,
				F0CAA706298F1160001C501E /* News.swift in Sources */,
				F0CAA6EE298F0534001C501E /* SceneDelegate.swift in Sources */,
			);
			runOnlyForDeploymentPostprocessing = 0;
		};
/* End PBXSourcesBuildPhase section */

/* Begin PBXVariantGroup section */
		F0CAA6F1298F0534001C501E /* Main.storyboard */ = {
			isa = PBXVariantGroup;
			children = (
				F0CAA6F2298F0534001C501E /* Base */,
			);
			name = Main.storyboard;
			sourceTree = "<group>";
		};
		F0CAA6F6298F0535001C501E /* LaunchScreen.storyboard */ = {
			isa = PBXVariantGroup;
			children = (
				F0CAA6F7298F0535001C501E /* Base */,
			);
			name = LaunchScreen.storyboard;
			sourceTree = "<group>";
		};
/* End PBXVariantGroup section */

/* Begin XCBuildConfiguration section */
		F0CAA6FA298F0535001C501E /* Debug */ = {
			isa = XCBuildConfiguration;
			buildSettings = {
				ALWAYS_SEARCH_USER_PATHS = NO;
				CLANG_ANALYZER_NONNULL = YES;
				CLANG_ANALYZER_NUMBER_OBJECT_CONVERSION = YES_AGGRESSIVE;
				CLANG_CXX_LANGUAGE_STANDARD = "gnu++20";
				CLANG_ENABLE_MODULES = YES;
				CLANG_ENABLE_OBJC_ARC = YES;
				CLANG_ENABLE_OBJC_WEAK = YES;
				CLANG_WARN_BLOCK_CAPTURE_AUTORELEASING = YES;
				CLANG_WARN_BOOL_CONVERSION = YES;
				CLANG_WARN_COMMA = YES;
				CLANG_WARN_CONSTANT_CONVERSION = YES;
				CLANG_WARN_DEPRECATED_OBJC_IMPLEMENTATIONS = YES;
				CLANG_WARN_DIRECT_OBJC_ISA_USAGE = YES_ERROR;
				CLANG_WARN_DOCUMENTATION_COMMENTS = YES;
				CLANG_WARN_EMPTY_BODY = YES;
				CLANG_WARN_ENUM_CONVERSION = YES;
				CLANG_WARN_INFINITE_RECURSION = YES;
				CLANG_WARN_INT_CONVERSION = YES;
				CLANG_WARN_NON_LITERAL_NULL_CONVERSION = YES;
				CLANG_WARN_OBJC_IMPLICIT_RETAIN_SELF = YES;
				CLANG_WARN_OBJC_LITERAL_CONVERSION = YES;
				CLANG_WARN_OBJC_ROOT_CLASS = YES_ERROR;
				CLANG_WARN_QUOTED_INCLUDE_IN_FRAMEWORK_HEADER = YES;
				CLANG_WARN_RANGE_LOOP_ANALYSIS = YES;
				CLANG_WARN_STRICT_PROTOTYPES = YES;
				CLANG_WARN_SUSPICIOUS_MOVE = YES;
				CLANG_WARN_UNGUARDED_AVAILABILITY = YES_AGGRESSIVE;
				CLANG_WARN_UNREACHABLE_CODE = YES;
				CLANG_WARN__DUPLICATE_METHOD_MATCH = YES;
				COPY_PHASE_STRIP = NO;
				DEBUG_INFORMATION_FORMAT = dwarf;
				ENABLE_STRICT_OBJC_MSGSEND = YES;
				ENABLE_TESTABILITY = YES;
				GCC_C_LANGUAGE_STANDARD = gnu11;
				GCC_DYNAMIC_NO_PIC = NO;
				GCC_NO_COMMON_BLOCKS = YES;
				GCC_OPTIMIZATION_LEVEL = 0;
				GCC_PREPROCESSOR_DEFINITIONS = (
					"DEBUG=1",
					"$(inherited)",
				);
				GCC_WARN_64_TO_32_BIT_CONVERSION = YES;
				GCC_WARN_ABOUT_RETURN_TYPE = YES_ERROR;
				GCC_WARN_UNDECLARED_SELECTOR = YES;
				GCC_WARN_UNINITIALIZED_AUTOS = YES_AGGRESSIVE;
				GCC_WARN_UNUSED_FUNCTION = YES;
				GCC_WARN_UNUSED_VARIABLE = YES;
				IPHONEOS_DEPLOYMENT_TARGET = 16.1;
				MTL_ENABLE_DEBUG_INFO = INCLUDE_SOURCE;
				MTL_FAST_MATH = YES;
				ONLY_ACTIVE_ARCH = YES;
				SDKROOT = iphoneos;
				SWIFT_ACTIVE_COMPILATION_CONDITIONS = DEBUG;
				SWIFT_OPTIMIZATION_LEVEL = "-Onone";
			};
			name = Debug;
		};
		F0CAA6FB298F0535001C501E /* Release */ = {
			isa = XCBuildConfiguration;
			buildSettings = {
				ALWAYS_SEARCH_USER_PATHS = NO;
				CLANG_ANALYZER_NONNULL = YES;
				CLANG_ANALYZER_NUMBER_OBJECT_CONVERSION = YES_AGGRESSIVE;
				CLANG_CXX_LANGUAGE_STANDARD = "gnu++20";
				CLANG_ENABLE_MODULES = YES;
				CLANG_ENABLE_OBJC_ARC = YES;
				CLANG_ENABLE_OBJC_WEAK = YES;
				CLANG_WARN_BLOCK_CAPTURE_AUTORELEASING = YES;
				CLANG_WARN_BOOL_CONVERSION = YES;
				CLANG_WARN_COMMA = YES;
				CLANG_WARN_CONSTANT_CONVERSION = YES;
				CLANG_WARN_DEPRECATED_OBJC_IMPLEMENTATIONS = YES;
				CLANG_WARN_DIRECT_OBJC_ISA_USAGE = YES_ERROR;
				CLANG_WARN_DOCUMENTATION_COMMENTS = YES;
				CLANG_WARN_EMPTY_BODY = YES;
				CLANG_WARN_ENUM_CONVERSION = YES;
				CLANG_WARN_INFINITE_RECURSION = YES;
				CLANG_WARN_INT_CONVERSION = YES;
				CLANG_WARN_NON_LITERAL_NULL_CONVERSION = YES;
				CLANG_WARN_OBJC_IMPLICIT_RETAIN_SELF = YES;
				CLANG_WARN_OBJC_LITERAL_CONVERSION = YES;
				CLANG_WARN_OBJC_ROOT_CLASS = YES_ERROR;
				CLANG_WARN_QUOTED_INCLUDE_IN_FRAMEWORK_HEADER = YES;
				CLANG_WARN_RANGE_LOOP_ANALYSIS = YES;
				CLANG_WARN_STRICT_PROTOTYPES = YES;
				CLANG_WARN_SUSPICIOUS_MOVE = YES;
				CLANG_WARN_UNGUARDED_AVAILABILITY = YES_AGGRESSIVE;
				CLANG_WARN_UNREACHABLE_CODE = YES;
				CLANG_WARN__DUPLICATE_METHOD_MATCH = YES;
				COPY_PHASE_STRIP = NO;
				DEBUG_INFORMATION_FORMAT = "dwarf-with-dsym";
				ENABLE_NS_ASSERTIONS = NO;
				ENABLE_STRICT_OBJC_MSGSEND = YES;
				GCC_C_LANGUAGE_STANDARD = gnu11;
				GCC_NO_COMMON_BLOCKS = YES;
				GCC_WARN_64_TO_32_BIT_CONVERSION = YES;
				GCC_WARN_ABOUT_RETURN_TYPE = YES_ERROR;
				GCC_WARN_UNDECLARED_SELECTOR = YES;
				GCC_WARN_UNINITIALIZED_AUTOS = YES_AGGRESSIVE;
				GCC_WARN_UNUSED_FUNCTION = YES;
				GCC_WARN_UNUSED_VARIABLE = YES;
				IPHONEOS_DEPLOYMENT_TARGET = 16.1;
				MTL_ENABLE_DEBUG_INFO = NO;
				MTL_FAST_MATH = YES;
				SDKROOT = iphoneos;
				SWIFT_COMPILATION_MODE = wholemodule;
				SWIFT_OPTIMIZATION_LEVEL = "-O";
				VALIDATE_PRODUCT = YES;
			};
			name = Release;
		};
		F0CAA6FD298F0535001C501E /* Debug */ = {
			isa = XCBuildConfiguration;
			buildSettings = {
				ASSETCATALOG_COMPILER_APPICON_NAME = AppIcon;
				ASSETCATALOG_COMPILER_GLOBAL_ACCENT_COLOR_NAME = AccentColor;
				CODE_SIGN_STYLE = Automatic;
				CURRENT_PROJECT_VERSION = 1;
				DEVELOPMENT_TEAM = L223Z24QJ4;
				GENERATE_INFOPLIST_FILE = YES;
				INFOPLIST_FILE = newsApp/Info.plist;
				INFOPLIST_KEY_UIApplicationSupportsIndirectInputEvents = YES;
				INFOPLIST_KEY_UILaunchStoryboardName = LaunchScreen;
				INFOPLIST_KEY_UIMainStoryboardFile = Main;
				INFOPLIST_KEY_UISupportedInterfaceOrientations_iPad = "UIInterfaceOrientationPortrait UIInterfaceOrientationPortraitUpsideDown UIInterfaceOrientationLandscapeLeft UIInterfaceOrientationLandscapeRight";
				INFOPLIST_KEY_UISupportedInterfaceOrientations_iPhone = "UIInterfaceOrientationPortrait UIInterfaceOrientationLandscapeLeft UIInterfaceOrientationLandscapeRight";
				LD_RUNPATH_SEARCH_PATHS = (
					"$(inherited)",
					"@executable_path/Frameworks",
				);
				MARKETING_VERSION = 1.0;
				PRODUCT_BUNDLE_IDENTIFIER = com.farukcansiz.newsApp;
				PRODUCT_NAME = "$(TARGET_NAME)";
				SWIFT_EMIT_LOC_STRINGS = YES;
				SWIFT_VERSION = 5.0;
				TARGETED_DEVICE_FAMILY = "1,2";
			};
			name = Debug;
		};
		F0CAA6FE298F0535001C501E /* Release */ = {
			isa = XCBuildConfiguration;
			buildSettings = {
				ASSETCATALOG_COMPILER_APPICON_NAME = AppIcon;
				ASSETCATALOG_COMPILER_GLOBAL_ACCENT_COLOR_NAME = AccentColor;
				CODE_SIGN_STYLE = Automatic;
				CURRENT_PROJECT_VERSION = 1;
				DEVELOPMENT_TEAM = L223Z24QJ4;
				GENERATE_INFOPLIST_FILE = YES;
				INFOPLIST_FILE = newsApp/Info.plist;
				INFOPLIST_KEY_UIApplicationSupportsIndirectInputEvents = YES;
				INFOPLIST_KEY_UILaunchStoryboardName = LaunchScreen;
				INFOPLIST_KEY_UIMainStoryboardFile = Main;
				INFOPLIST_KEY_UISupportedInterfaceOrientations_iPad = "UIInterfaceOrientationPortrait UIInterfaceOrientationPortraitUpsideDown UIInterfaceOrientationLandscapeLeft UIInterfaceOrientationLandscapeRight";
				INFOPLIST_KEY_UISupportedInterfaceOrientations_iPhone = "UIInterfaceOrientationPortrait UIInterfaceOrientationLandscapeLeft UIInterfaceOrientationLandscapeRight";
				LD_RUNPATH_SEARCH_PATHS = (
					"$(inherited)",
					"@executable_path/Frameworks",
				);
				MARKETING_VERSION = 1.0;
				PRODUCT_BUNDLE_IDENTIFIER = com.farukcansiz.newsApp;
				PRODUCT_NAME = "$(TARGET_NAME)";
				SWIFT_EMIT_LOC_STRINGS = YES;
				SWIFT_VERSION = 5.0;
				TARGETED_DEVICE_FAMILY = "1,2";
			};
			name = Release;
		};
/* End XCBuildConfiguration section */

/* Begin XCConfigurationList section */
		F0CAA6E3298F0534001C501E /* Build configuration list for PBXProject "newsApp" */ = {
			isa = XCConfigurationList;
			buildConfigurations = (
				F0CAA6FA298F0535001C501E /* Debug */,
				F0CAA6FB298F0535001C501E /* Release */,
			);
			defaultConfigurationIsVisible = 0;
			defaultConfigurationName = Release;
		};
		F0CAA6FC298F0535001C501E /* Build configuration list for PBXNativeTarget "newsApp" */ = {
			isa = XCConfigurationList;
			buildConfigurations = (
				F0CAA6FD298F0535001C501E /* Debug */,
				F0CAA6FE298F0535001C501E /* Release */,
			);
			defaultConfigurationIsVisible = 0;
			defaultConfigurationName = Release;
		};
/* End XCConfigurationList section */
	};
	rootObject = F0CAA6E0298F0534001C501E /* Project object */;
}
